
Microsoft Visual Studio Solution File, Format Version 12.00
# Visual Studio 14
VisualStudioVersion = 14.0.25123.0
MinimumVisualStudioVersion = 10.0.40219.1
Project("{FAE04EC0-301F-11D3-BF4B-00C04F79EFBC}") = "Project_Client", "Project_Client\Project_Client.csproj", "{2B6394AE-BFA3-4DF4-80FA-1560FADFF3F2}"
EndProject
Global
	GlobalSection(SolutionConfigurationPlatforms) = preSolution
		Debug|Any CPU = Debug|Any CPU
		Release|Any CPU = Release|Any CPU
	EndGlobalSection
	GlobalSection(ProjectConfigurationPlatforms) = postSolution
		{2B6394AE-BFA3-4DF4-80FA-1560FADFF3F2}.Debug|Any CPU.ActiveCfg = Debug|Any CPU
		{2B6394AE-BFA3-4DF4-80FA-1560FADFF3F2}.Debug|Any CPU.Build.0 = Debug|Any CPU
		{2B6394AE-BFA3-4DF4-80FA-1560FADFF3F2}.Release|Any CPU.ActiveCfg = Release|Any CPU
		{2B6394AE-BFA3-4DF4-80FA-1560FADFF3F2}.Release|Any CPU.Build.0 = Release|Any CPU
	EndGlobalSection
	GlobalSection(SolutionProperties) = preSolution
		HideSolutionNode = FALSE
	EndGlobalSection
EndGlobal
